
Microsoft Visual Studio Solution File, Format Version 12.00
# Visual Studio Version 17
VisualStudioVersion = 17.9.34622.214
MinimumVisualStudioVersion = 10.0.40219.1
Project("{FAE04EC0-301F-11D3-BF4B-00C04F79EFBC}") = "Millionär", "Millionär\Millionär.csproj", "{22DB8894-1A03-476C-8104-EBF69746AC28}"
EndProject
Global
	GlobalSection(SolutionConfigurationPlatforms) = preSolution
		Debug|Any CPU = Debug|Any CPU
		Release|Any CPU = Release|Any CPU
	EndGlobalSection
	GlobalSection(ProjectConfigurationPlatforms) = postSolution
		{22DB8894-1A03-476C-8104-EBF69746AC28}.Debug|Any CPU.ActiveCfg = Debug|Any CPU
		{22DB8894-1A03-476C-8104-EBF69746AC28}.Debug|Any CPU.Build.0 = Debug|Any CPU
		{22DB8894-1A03-476C-8104-EBF69746AC28}.Release|Any CPU.ActiveCfg = Release|Any CPU
		{22DB8894-1A03-476C-8104-EBF69746AC28}.Release|Any CPU.Build.0 = Release|Any CPU
	EndGlobalSection
	GlobalSection(SolutionProperties) = preSolution
		HideSolutionNode = FALSE
	EndGlobalSection
	GlobalSection(ExtensibilityGlobals) = postSolution
		SolutionGuid = {D0BBAC0F-5C89-4AF9-BEDD-9A88E8510AA5}
	EndGlobalSection
EndGlobal
